
Microsoft Visual Studio Solution File, Format Version 12.00
# Visual Studio Version 17
VisualStudioVersion = 17.4.33103.184
MinimumVisualStudioVersion = 10.0.40219.1
Project("{FAE04EC0-301F-11D3-BF4B-00C04F79EFBC}") = "SolidAcopla", "SolidAcopla\SolidAcopla.csproj", "{0963314A-03E5-4591-84D6-58FC2C79AA9A}"
EndProject
Global
	GlobalSection(SolutionConfigurationPlatforms) = preSolution
		Debug|Any CPU = Debug|Any CPU
		Release|Any CPU = Release|Any CPU
	EndGlobalSection
	GlobalSection(ProjectConfigurationPlatforms) = postSolution
		{0963314A-03E5-4591-84D6-58FC2C79AA9A}.Debug|Any CPU.ActiveCfg = Debug|Any CPU
		{0963314A-03E5-4591-84D6-58FC2C79AA9A}.Debug|Any CPU.Build.0 = Debug|Any CPU
		{0963314A-03E5-4591-84D6-58FC2C79AA9A}.Release|Any CPU.ActiveCfg = Release|Any CPU
		{0963314A-03E5-4591-84D6-58FC2C79AA9A}.Release|Any CPU.Build.0 = Release|Any CPU
	EndGlobalSection
	GlobalSection(SolutionProperties) = preSolution
		HideSolutionNode = FALSE
	EndGlobalSection
	GlobalSection(ExtensibilityGlobals) = postSolution
		SolutionGuid = {AD248721-B010-4778-8229-06EC2837AD94}
	EndGlobalSection
EndGlobal
